
Microsoft Visual Studio Solution File, Format Version 12.00
# Visual Studio Version 17
VisualStudioVersion = 17.11.35208.52
MinimumVisualStudioVersion = 10.0.40219.1
Project("{2150E333-8FDC-42A3-9474-1A3956D46DE8}") = "Bootstrapper", "Bootstrapper", "{AC3B9306-3A6B-4269-A3EA-0078C0E793A7}"
EndProject
Project("{2150E333-8FDC-42A3-9474-1A3956D46DE8}") = "Modules", "Modules", "{DAFBE73A-E289-4BD4-96AA-CE27D0C8EC81}"
EndProject
Project("{2150E333-8FDC-42A3-9474-1A3956D46DE8}") = "Shared", "Shared", "{77C04EAA-60CE-4F37-9EAB-6C54F677D0F5}"
EndProject
Project("{FAE04EC0-301F-11D3-BF4B-00C04F79EFBC}") = "Api", "Bootstrapper\Api\Api.csproj", "{7E005F69-54DF-4E02-9C3A-A3019DDA7B4C}"
EndProject
Project("{2150E333-8FDC-42A3-9474-1A3956D46DE8}") = "Catalog", "Catalog", "{3AD6147A-15C9-4023-BB2B-34FEB00CD618}"
EndProject
Project("{2150E333-8FDC-42A3-9474-1A3956D46DE8}") = "Basket", "Basket", "{7268F83B-16C6-4CF9-9228-CE88E24E7996}"
EndProject
Project("{2150E333-8FDC-42A3-9474-1A3956D46DE8}") = "Ordering", "Ordering", "{AFE60A01-B126-49E4-AABD-975B3D1CDFC6}"
EndProject
Project("{FAE04EC0-301F-11D3-BF4B-00C04F79EFBC}") = "Basket", "Modules\Basket\Basket\Basket.csproj", "{F843877F-0A18-4BDA-90D0-7CF7604A336D}"
EndProject
Project("{FAE04EC0-301F-11D3-BF4B-00C04F79EFBC}") = "Catalog", "Modules\Catalog\Catalog\Catalog.csproj", "{CD13259F-029D-4B56-ACF5-4D9736680B8D}"
EndProject
Project("{FAE04EC0-301F-11D3-BF4B-00C04F79EFBC}") = "Ordering", "Modules\Ordering\Ordering\Ordering.csproj", "{610A3EEC-C609-4046-B97B-714E22DE5371}"
EndProject
Project("{FAE04EC0-301F-11D3-BF4B-00C04F79EFBC}") = "Shared", "Shared\Shared\Shared.csproj", "{EAFEBBF1-0965-49BD-8672-626094F6D36F}"
EndProject
Global
	GlobalSection(SolutionConfigurationPlatforms) = preSolution
		Debug|Any CPU = Debug|Any CPU
		Release|Any CPU = Release|Any CPU
	EndGlobalSection
	GlobalSection(ProjectConfigurationPlatforms) = postSolution
		{7E005F69-54DF-4E02-9C3A-A3019DDA7B4C}.Debug|Any CPU.ActiveCfg = Debug|Any CPU
		{7E005F69-54DF-4E02-9C3A-A3019DDA7B4C}.Debug|Any CPU.Build.0 = Debug|Any CPU
		{7E005F69-54DF-4E02-9C3A-A3019DDA7B4C}.Release|Any CPU.ActiveCfg = Release|Any CPU
		{7E005F69-54DF-4E02-9C3A-A3019DDA7B4C}.Release|Any CPU.Build.0 = Release|Any CPU
		{F843877F-0A18-4BDA-90D0-7CF7604A336D}.Debug|Any CPU.ActiveCfg = Debug|Any CPU
		{F843877F-0A18-4BDA-90D0-7CF7604A336D}.Debug|Any CPU.Build.0 = Debug|Any CPU
		{F843877F-0A18-4BDA-90D0-7CF7604A336D}.Release|Any CPU.ActiveCfg = Release|Any CPU
		{F843877F-0A18-4BDA-90D0-7CF7604A336D}.Release|Any CPU.Build.0 = Release|Any CPU
		{CD13259F-029D-4B56-ACF5-4D9736680B8D}.Debug|Any CPU.ActiveCfg = Debug|Any CPU
		{CD13259F-029D-4B56-ACF5-4D9736680B8D}.Debug|Any CPU.Build.0 = Debug|Any CPU
		{CD13259F-029D-4B56-ACF5-4D9736680B8D}.Release|Any CPU.ActiveCfg = Release|Any CPU
		{CD13259F-029D-4B56-ACF5-4D9736680B8D}.Release|Any CPU.Build.0 = Release|Any CPU
		{610A3EEC-C609-4046-B97B-714E22DE5371}.Debug|Any CPU.ActiveCfg = Debug|Any CPU
		{610A3EEC-C609-4046-B97B-714E22DE5371}.Debug|Any CPU.Build.0 = Debug|Any CPU
		{610A3EEC-C609-4046-B97B-714E22DE5371}.Release|Any CPU.ActiveCfg = Release|Any CPU
		{610A3EEC-C609-4046-B97B-714E22DE5371}.Release|Any CPU.Build.0 = Release|Any CPU
		{EAFEBBF1-0965-49BD-8672-626094F6D36F}.Debug|Any CPU.ActiveCfg = Debug|Any CPU
		{EAFEBBF1-0965-49BD-8672-626094F6D36F}.Debug|Any CPU.Build.0 = Debug|Any CPU
		{EAFEBBF1-0965-49BD-8672-626094F6D36F}.Release|Any CPU.ActiveCfg = Release|Any CPU
		{EAFEBBF1-0965-49BD-8672-626094F6D36F}.Release|Any CPU.Build.0 = Release|Any CPU
	EndGlobalSection
	GlobalSection(SolutionProperties) = preSolution
		HideSolutionNode = FALSE
	EndGlobalSection
	GlobalSection(NestedProjects) = preSolution
		{7E005F69-54DF-4E02-9C3A-A3019DDA7B4C} = {AC3B9306-3A6B-4269-A3EA-0078C0E793A7}
		{3AD6147A-15C9-4023-BB2B-34FEB00CD618} = {DAFBE73A-E289-4BD4-96AA-CE27D0C8EC81}
		{7268F83B-16C6-4CF9-9228-CE88E24E7996} = {DAFBE73A-E289-4BD4-96AA-CE27D0C8EC81}
		{AFE60A01-B126-49E4-AABD-975B3D1CDFC6} = {DAFBE73A-E289-4BD4-96AA-CE27D0C8EC81}
		{F843877F-0A18-4BDA-90D0-7CF7604A336D} = {7268F83B-16C6-4CF9-9228-CE88E24E7996}
		{CD13259F-029D-4B56-ACF5-4D9736680B8D} = {3AD6147A-15C9-4023-BB2B-34FEB00CD618}
		{610A3EEC-C609-4046-B97B-714E22DE5371} = {AFE60A01-B126-49E4-AABD-975B3D1CDFC6}
		{EAFEBBF1-0965-49BD-8672-626094F6D36F} = {77C04EAA-60CE-4F37-9EAB-6C54F677D0F5}
	EndGlobalSection
	GlobalSection(ExtensibilityGlobals) = postSolution
		SolutionGuid = {823BD460-39B6-4D9A-894D-21732874497A}
	EndGlobalSection
EndGlobal
